Microsoft Visual Studio Solution File, Format Version 12.00
# Visual Studio Version 17
VisualStudioVersion = 17.0.31611.283
MinimumVisualStudioVersion = 10.0.40219.1
Project("{9A19103F-16F7-4668-BE54-9A1E7A4F7556}") = "MauiBlazorExperiment", "MauiBlazorExperiment\MauiBlazorExperiment.csproj", "{89A4E9C9-C4AD-445B-A317-0338ADDDAC34}"
EndProject
Project("{FAE04EC0-301F-11D3-BF4B-00C04F79EFBC}") = "MauiBlazorExperiment.RCL", "MauiBlazorExperiment.RCL\MauiBlazorExperiment.RCL.csproj", "{4816323A-F299-48B5-8D94-1532011C8EF2}"
EndProject
Global
	GlobalSection(SolutionConfigurationPlatforms) = preSolution
		Debug|Any CPU = Debug|Any CPU
		Release|Any CPU = Release|Any CPU
	EndGlobalSection
	GlobalSection(ProjectConfigurationPlatforms) = postSolution
		{89A4E9C9-C4AD-445B-A317-0338ADDDAC34}.Debug|Any CPU.ActiveCfg = Debug|Any CPU
		{89A4E9C9-C4AD-445B-A317-0338ADDDAC34}.Debug|Any CPU.Build.0 = Debug|Any CPU
		{89A4E9C9-C4AD-445B-A317-0338ADDDAC34}.Debug|Any CPU.Deploy.0 = Debug|Any CPU
		{89A4E9C9-C4AD-445B-A317-0338ADDDAC34}.Release|Any CPU.ActiveCfg = Release|Any CPU
		{89A4E9C9-C4AD-445B-A317-0338ADDDAC34}.Release|Any CPU.Build.0 = Release|Any CPU
		{89A4E9C9-C4AD-445B-A317-0338ADDDAC34}.Release|Any CPU.Deploy.0 = Release|Any CPU
		{4816323A-F299-48B5-8D94-1532011C8EF2}.Debug|Any CPU.ActiveCfg = Debug|Any CPU
		{4816323A-F299-48B5-8D94-1532011C8EF2}.Debug|Any CPU.Build.0 = Debug|Any CPU
		{4816323A-F299-48B5-8D94-1532011C8EF2}.Release|Any CPU.ActiveCfg = Release|Any CPU
		{4816323A-F299-48B5-8D94-1532011C8EF2}.Release|Any CPU.Build.0 = Release|Any CPU
	EndGlobalSection
	GlobalSection(SolutionProperties) = preSolution
		HideSolutionNode = FALSE
	EndGlobalSection
	GlobalSection(ExtensibilityGlobals) = postSolution
		SolutionGuid = {61F7FB11-1E47-470C-91E2-47F8143E1572}
	EndGlobalSection
EndGlobal
